
Microsoft Visual Studio Solution File, Format Version 12.00
# Visual Studio 15
VisualStudioVersion = 15.0.27428.2043
MinimumVisualStudioVersion = 10.0.40219.1
Project("{FAE04EC0-301F-11D3-BF4B-00C04F79EFBC}") = "Onlive VRP Portal", "Onlive VRP Portal\Onlive VRP Portal.csproj", "{F3534EBB-67BA-4705-A0BB-0558C4902AC1}"
EndProject
Global
	GlobalSection(SolutionConfigurationPlatforms) = preSolution
		Debug|Any CPU = Debug|Any CPU
		Release|Any CPU = Release|Any CPU
	EndGlobalSection
	GlobalSection(ProjectConfigurationPlatforms) = postSolution
		{F3534EBB-67BA-4705-A0BB-0558C4902AC1}.Debug|Any CPU.ActiveCfg = Debug|Any CPU
		{F3534EBB-67BA-4705-A0BB-0558C4902AC1}.Debug|Any CPU.Build.0 = Debug|Any CPU
		{F3534EBB-67BA-4705-A0BB-0558C4902AC1}.Release|Any CPU.ActiveCfg = Release|Any CPU
		{F3534EBB-67BA-4705-A0BB-0558C4902AC1}.Release|Any CPU.Build.0 = Release|Any CPU
	EndGlobalSection
	GlobalSection(SolutionProperties) = preSolution
		HideSolutionNode = FALSE
	EndGlobalSection
	GlobalSection(ExtensibilityGlobals) = postSolution
		SolutionGuid = {22C48084-0350-4EAC-A599-B94A2220484C}
	EndGlobalSection
EndGlobal
